{
  "name": "blunt-instrument-runtime",
  "version": "0.0.0",
  "lockfileVersion": 1,
  "requires": true,
  "dependencies": {
    "object-graph-as-json": {
      "version": "2.0.0",
      "resolved": "https://registry.npmjs.org/object-graph-as-json/-/object-graph-as-json-2.0.0.tgz",
      "integrity": "sha512-cB/ZcRbwlpXjNm5899+g3VcAH74GBuSop+7e33+2eRYZuq6NFNx1+OtamYU1DCgWVaGz3KvrZsOJuBbElTEN2g=="
    }
  }
}
