{
  "name": "blunt-instrument-runtime",
  "version": "0.0.0",
  "lockfileVersion": 1,
  "requires": true,
  "dependencies": {
    "object-graph-as-json": {
      "version": "1.0.0",
      "resolved": "https://registry.npmjs.org/object-graph-as-json/-/object-graph-as-json-1.0.0.tgz",
      "integrity": "sha512-Kv24P1g7J0FhVgAe4K9gn0vRYKSjGiqRe5rXkURrupCJcxIYblMjJYd/gf6ubxPsGwhmpR77go6Vt84BIZvdrw=="
    }
  }
}
